// !$*UTF8*$!
{
	archiveVersion = 1;
	classes = {
	};
	objectVersion = 46;
	objects = {

/* Begin PBXBuildFile section */
		21F337481524BB0B004F4288 /* UIKit.framework in Frameworks */ = {isa = PBXBuildFile; fileRef = 21F337471524BB0B004F4288 /* UIKit.framework */; };
		21F3374A1524BB0B004F4288 /* Foundation.framework in Frameworks */ = {isa = PBXBuildFile; fileRef = 21F337491524BB0B004F4288 /* Foundation.framework */; };
		21F3374C1524BB0B004F4288 /* CoreGraphics.framework in Frameworks */ = {isa = PBXBuildFile; fileRef = 21F3374B1524BB0B004F4288 /* CoreGraphics.framework */; };
		21F337521524BB0B004F4288 /* InfoPlist.strings in Resources */ = {isa = PBXBuildFile; fileRef = 21F337501524BB0B004F4288 /* InfoPlist.strings */; };
		21F337541524BB0B004F4288 /* main.m in Sources */ = {isa = PBXBuildFile; fileRef = 21F337531524BB0B004F4288 /* main.m */; };
		21F337581524BB0B004F4288 /* AppDelegate.m in Sources */ = {isa = PBXBuildFile; fileRef = 21F337571524BB0B004F4288 /* AppDelegate.m */; };
		21F3375B1524BB0B004F4288 /* MainStoryboard.storyboard in Resources */ = {isa = PBXBuildFile; fileRef = 21F337591524BB0B004F4288 /* MainStoryboard.storyboard */; };
		21F3375E1524BB0B004F4288 /* ViewController.m in Sources */ = {isa = PBXBuildFile; fileRef = 21F3375D1524BB0B004F4288 /* ViewController.m */; };
/* End PBXBuildFile section */

/* Begin PBXFileReference section */
		21F337431524BB0B004F4288 /* Profes.app */ = {isa = PBXFileReference; explicitFileType = wrapper.application; includeInIndex = 0; path = Profes.app; sourceTree = BUILT_PRODUCTS_DIR; };
		21F337471524BB0B004F4288 /* UIKit.framework */ = {isa = PBXFileReference; lastKnownFileType = wrapper.framework; name = UIKit.framework; path = System/Library/Frameworks/UIKit.framework; sourceTree = SDKROOT; };
		21F337491524BB0B004F4288 /* Foundation.framework */ = {isa = PBXFileReference; lastKnownFileType = wrapper.framework; name = Foundation.framework; path = System/Library/Frameworks/Foundation.framework; sourceTree = SDKROOT; };
		21F3374B1524BB0B004F4288 /* CoreGraphics.framework */ = {isa = PBXFileReference; lastKnownFileType = wrapper.framework; name = CoreGraphics.framework; path = System/Library/Frameworks/CoreGraphics.framework; sourceTree = SDKROOT; };
		21F3374F1524BB0B004F4288 /* Profes-Info.plist */ = {isa = PBXFileReference; path = "Profes-Info.plist"; sourceTree = "<group>"; };
		21F337511524BB0B004F4288 /* en */ = {isa = PBXFileReference; lastKnownFileType = text.plist.strings; name = en; path = en.lproj/InfoPlist.strings; sourceTree = "<group>"; };
		21F337531524BB0B004F4288 /* main.m */ = {isa = PBXFileReference; lastKnownFileType = sourcecode.c.objc; path = main.m; sourceTree = "<group>"; };
		21F337551524BB0B004F4288 /* Profes-Prefix.pch */ = {isa = PBXFileReference; path = "Profes-Prefix.pch"; sourceTree = "<group>"; };
		21F337561524BB0B004F4288 /* AppDelegate.h */ = {isa = PBXFileReference; path = AppDelegate.h; sourceTree = "<group>"; };
		21F337571524BB0B004F4288 /* AppDelegate.m */ = {isa = PBXFileReference; lastKnownFileType = sourcecode.c.objc; path = AppDelegate.m; sourceTree = "<group>"; };
		21F3375A1524BB0B004F4288 /* en */ = {isa = PBXFileReference; lastKnownFileType = file.storyboard; name = en; path = en.lproj/MainStoryboard.storyboard; sourceTree = "<group>"; };
		21F3375C1524BB0B004F4288 /* ViewController.h */ = {isa = PBXFileReference; path = ViewController.h; sourceTree = "<group>"; };
		21F3375D1524BB0B004F4288 /* ViewController.m */ = {isa = PBXFileReference; lastKnownFileType = sourcecode.c.objc; path = ViewController.m; sourceTree = "<group>"; };
/* End PBXFileReference section */

/* Begin PBXFrameworksBuildPhase section */
		21F337401524BB0B004F4288 /* Frameworks */ = {
			isa = PBXFrameworksBuildPhase;
			buildActionMask = 2147483647;
			files = (
				21F337481524BB0B004F4288 /* UIKit.framework in Frameworks */,
				21F3374A1524BB0B004F4288 /* Foundation.framework in Frameworks */,
				21F3374C1524BB0B004F4288 /* CoreGraphics.framework in Frameworks */,
			);
			runOnlyForDeploymentPostprocessing = 0;
		};
/* End PBXFrameworksBuildPhase section */

/* Begin PBXGroup section */
		21F337381524BB0A004F4288 = {
			isa = PBXGroup;
			children = (
				21F3374D1524BB0B004F4288 /* Profes */,
				21F337461524BB0B004F4288 /* Frameworks */,
				21F337441524BB0B004F4288 /* Products */,
			);
			sourceTree = "<group>";
		};
		21F337441524BB0B004F4288 /* Products */ = {
			isa = PBXGroup;
			children = (
				21F337431524BB0B004F4288 /* Profes.app */,
			);
			name = Products;
			sourceTree = "<group>";
		};
		21F337461524BB0B004F4288 /* Frameworks */ = {
			isa = PBXGroup;
			children = (
				21F337471524BB0B004F4288 /* UIKit.framework */,
				21F337491524BB0B004F4288 /* Foundation.framework */,
				21F3374B1524BB0B004F4288 /* CoreGraphics.framework */,
			);
			name = Frameworks;
			sourceTree = "<group>";
		};
		21F3374D1524BB0B004F4288 /* Profes */ = {
			isa = PBXGroup;
			children = (
				21F337561524BB0B004F4288 /* AppDelegate.h */,
				21F337571524BB0B004F4288 /* AppDelegate.m */,
				21F337591524BB0B004F4288 /* MainStoryboard.storyboard */,
				21F3375C1524BB0B004F4288 /* ViewController.h */,
				21F3375D1524BB0B004F4288 /* ViewController.m */,
				21F3374E1524BB0B004F4288 /* Supporting Files */,
			);
			path = Profes;
			sourceTree = "<group>";
		};
		21F3374E1524BB0B004F4288 /* Supporting Files */ = {
			isa = PBXGroup;
			children = (
				21F3374F1524BB0B004F4288 /* Profes-Info.plist */,
				21F337501524BB0B004F4288 /* InfoPlist.strings */,
				21F337531524BB0B004F4288 /* main.m */,
				21F337551524BB0B004F4288 /* Profes-Prefix.pch */,
			);
			name = "Supporting Files";
			sourceTree = "<group>";
		};
/* End PBXGroup section */

/* Begin PBXNativeTarget section */
		21F337421524BB0B004F4288 /* Profes */ = {
			isa = PBXNativeTarget;
			buildConfigurationList = 21F337611524BB0B004F4288 /* Build configuration list for PBXNativeTarget "Profes" */;
			buildPhases = (
				21F3373F1524BB0B004F4288 /* Sources */,
				21F337401524BB0B004F4288 /* Frameworks */,
				21F337411524BB0B004F4288 /* Resources */,
			);
			buildRules = (
			);
			dependencies = (
			);
			name = Profes;
			productName = Profes;
			productReference = 21F337431524BB0B004F4288 /* Profes.app */;
			productType = "com.apple.product-type.application";
		};
/* End PBXNativeTarget section */

/* Begin PBXProject section */
		21F3373A1524BB0A004F4288 /* Project object */ = {
			isa = PBXProject;
			attributes = {
				LastUpgradeCheck = 0420;
			};
			buildConfigurationList = 21F3373D1524BB0A004F4288 /* Build configuration list for PBXProject "Profes" */;
			compatibilityVersion = "Xcode 3.2";
			developmentRegion = English;
			hasScannedForEncodings = 0;
			knownRegions = (
				en,
			);
			mainGroup = 21F337381524BB0A004F4288;
			productRefGroup = 21F337441524BB0B004F4288 /* Products */;
			projectDirPath = "";
			projectRoot = "";
			targets = (
				21F337421524BB0B004F4288 /* Profes */,
			);
		};
/* End PBXProject section */

/* Begin PBXResourcesBuildPhase section */
		21F337411524BB0B004F4288 /* Resources */ = {
			isa = PBXResourcesBuildPhase;
			buildActionMask = 2147483647;
			files = (
				21F337521524BB0B004F4288 /* InfoPlist.strings in Resources */,
				21F3375B1524BB0B004F4288 /* MainStoryboard.storyboard in Resources */,
			);
			runOnlyForDeploymentPostprocessing = 0;
		};
/* End PBXResourcesBuildPhase section */

/* Begin PBXSourcesBuildPhase section */
		21F3373F1524BB0B004F4288 /* Sources */ = {
			isa = PBXSourcesBuildPhase;
			buildActionMask = 2147483647;
			files = (
				21F337541524BB0B004F4288 /* main.m in Sources */,
				21F337581524BB0B004F4288 /* AppDelegate.m in Sources */,
				21F3375E1524BB0B004F4288 /* ViewController.m in Sources */,
			);
			runOnlyForDeploymentPostprocessing = 0;
		};
/* End PBXSourcesBuildPhase section */

/* Begin PBXVariantGroup section */
		21F337501524BB0B004F4288 /* InfoPlist.strings */ = {
			isa = PBXVariantGroup;
			children = (
				21F337511524BB0B004F4288 /* en */,
			);
			name = InfoPlist.strings;
			sourceTree = "<group>";
		};
		21F337591524BB0B004F4288 /* MainStoryboard.storyboard */ = {
			isa = PBXVariantGroup;
			children = (
				21F3375A1524BB0B004F4288 /* en */,
			);
			name = MainStoryboard.storyboard;
			sourceTree = "<group>";
		};
/* End PBXVariantGroup section */

/* Begin XCBuildConfiguration section */
		21F3375F1524BB0B004F4288 /* Debug */ = {
			isa = XCBuildConfiguration;
			buildSettings = {
				ALWAYS_SEARCH_USER_PATHS = NO;
				ARCHS = "$(ARCHS_STANDARD_32_BIT)";
				CLANG_ENABLE_OBJC_ARC = YES;
				"CODE_SIGN_IDENTITY[sdk=iphoneos*]" = "iPhone Developer";
				COPY_PHASE_STRIP = NO;
				GCC_C_LANGUAGE_STANDARD = gnu99;
				GCC_DYNAMIC_NO_PIC = NO;
				GCC_OPTIMIZATION_LEVEL = 0;
				GCC_PREPROCESSOR_DEFINITIONS = (
					"DEBUG=1",
					"$(inherited)",
				);
				GCC_SYMBOLS_PRIVATE_EXTERN = NO;
				GCC_VERSION = com.apple.compilers.llvm.clang.1_0;
				GCC_WARN_ABOUT_MISSING_PROTOTYPES = YES;
				GCC_WARN_ABOUT_RETURN_TYPE = YES;
				GCC_WARN_UNUSED_VARIABLE = YES;
				IPHONEOS_DEPLOYMENT_TARGET = 5.0;
				SDKROOT = iphoneos;
			};
			name = Debug;
		};
		21F337601524BB0B004F4288 /* Release */ = {
			isa = XCBuildConfiguration;
			buildSettings = {
				ALWAYS_SEARCH_USER_PATHS = NO;
				ARCHS = "$(ARCHS_STANDARD_32_BIT)";
				CLANG_ENABLE_OBJC_ARC = YES;
				"CODE_SIGN_IDENTITY[sdk=iphoneos*]" = "iPhone Developer";
				COPY_PHASE_STRIP = YES;
				GCC_C_LANGUAGE_STANDARD = gnu99;
				GCC_VERSION = com.apple.compilers.llvm.clang.1_0;
				GCC_WARN_ABOUT_MISSING_PROTOTYPES = YES;
				GCC_WARN_ABOUT_RETURN_TYPE = YES;
				GCC_WARN_UNUSED_VARIABLE = YES;
				IPHONEOS_DEPLOYMENT_TARGET = 5.0;
				OTHER_CFLAGS = "-DNS_BLOCK_ASSERTIONS=1";
				SDKROOT = iphoneos;
				VALIDATE_PRODUCT = YES;
			};
			name = Release;
		};
		21F337621524BB0B004F4288 /* Debug */ = {
			isa = XCBuildConfiguration;
			buildSettings = {
				GCC_PRECOMPILE_PREFIX_HEADER = YES;
				GCC_PREFIX_HEADER = "Profes/Profes-Prefix.pch";
				INFOPLIST_FILE = "Profes/Profes-Info.plist";
				PRODUCT_NAME = "$(TARGET_NAME)";
				WRAPPER_EXTENSION = app;
			};
			name = Debug;
		};
		21F337631524BB0B004F4288 /* Release */ = {
			isa = XCBuildConfiguration;
			buildSettings = {
				GCC_PRECOMPILE_PREFIX_HEADER = YES;
				GCC_PREFIX_HEADER = "Profes/Profes-Prefix.pch";
				INFOPLIST_FILE = "Profes/Profes-Info.plist";
				PRODUCT_NAME = "$(TARGET_NAME)";
				WRAPPER_EXTENSION = app;
			};
			name = Release;
		};
/* End XCBuildConfiguration section */

/* Begin XCConfigurationList section */
		21F3373D1524BB0A004F4288 /* Build configuration list for PBXProject "Profes" */ = {
			isa = XCConfigurationList;
			buildConfigurations = (
				21F3375F1524BB0B004F4288 /* Debug */,
				21F337601524BB0B004F4288 /* Release */,
			);
			defaultConfigurationIsVisible = 0;
			defaultConfigurationName = Release;
		};
		21F337611524BB0B004F4288 /* Build configuration list for PBXNativeTarget "Profes" */ = {
			isa = XCConfigurationList;
			buildConfigurations = (
				21F337621524BB0B004F4288 /* Debug */,
				21F337631524BB0B004F4288 /* Release */,
			);
			defaultConfigurationIsVisible = 0;
		};
/* End XCConfigurationList section */
	};
	rootObject = 21F3373A1524BB0A004F4288 /* Project object */;
}
